
Microsoft Visual Studio Solution File, Format Version 12.00
# Visual Studio Version 16
VisualStudioVersion = 16.0.32126.315
MinimumVisualStudioVersion = 10.0.40219.1
Project("{FAE04EC0-301F-11D3-BF4B-00C04F79EFBC}") = "ShareToGitHub", "ShareToGitHub\ShareToGitHub.csproj", "{33441B5D-AA65-4C97-9CA1-A1834C91FFA0}"
EndProject
Global
	GlobalSection(SolutionConfigurationPlatforms) = preSolution
		Debug|Any CPU = Debug|Any CPU
		Release|Any CPU = Release|Any CPU
	EndGlobalSection
	GlobalSection(ProjectConfigurationPlatforms) = postSolution
		{33441B5D-AA65-4C97-9CA1-A1834C91FFA0}.Debug|Any CPU.ActiveCfg = Debug|Any CPU
		{33441B5D-AA65-4C97-9CA1-A1834C91FFA0}.Debug|Any CPU.Build.0 = Debug|Any CPU
		{33441B5D-AA65-4C97-9CA1-A1834C91FFA0}.Release|Any CPU.ActiveCfg = Release|Any CPU
		{33441B5D-AA65-4C97-9CA1-A1834C91FFA0}.Release|Any CPU.Build.0 = Release|Any CPU
	EndGlobalSection
	GlobalSection(SolutionProperties) = preSolution
		HideSolutionNode = FALSE
	EndGlobalSection
	GlobalSection(ExtensibilityGlobals) = postSolution
		SolutionGuid = {5370BC32-B394-4192-9485-8AAAB9A9D1C4}
	EndGlobalSection
EndGlobal
